
Microsoft Visual Studio Solution File, Format Version 12.00
# Visual Studio 14
VisualStudioVersion = 14.0.24720.0
MinimumVisualStudioVersion = 10.0.40219.1
Project("{FAE04EC0-301F-11D3-BF4B-00C04F79EFBC}") = "Repo.Common", "Repo.Common\Repo.Common.csproj", "{DEED6B58-D40D-49C3-B636-8F0327A724B7}"
EndProject
Project("{FAE04EC0-301F-11D3-BF4B-00C04F79EFBC}") = "Repo.Example", "Repo.Example\Repo.Example.csproj", "{B4CFF352-F843-4A53-81D3-127B2D303D80}"
EndProject
Global
	GlobalSection(SolutionConfigurationPlatforms) = preSolution
		Debug|Any CPU = Debug|Any CPU
		Release|Any CPU = Release|Any CPU
	EndGlobalSection
	GlobalSection(ProjectConfigurationPlatforms) = postSolution
		{DEED6B58-D40D-49C3-B636-8F0327A724B7}.Debug|Any CPU.ActiveCfg = Debug|Any CPU
		{DEED6B58-D40D-49C3-B636-8F0327A724B7}.Debug|Any CPU.Build.0 = Debug|Any CPU
		{DEED6B58-D40D-49C3-B636-8F0327A724B7}.Release|Any CPU.ActiveCfg = Release|Any CPU
		{DEED6B58-D40D-49C3-B636-8F0327A724B7}.Release|Any CPU.Build.0 = Release|Any CPU
		{B4CFF352-F843-4A53-81D3-127B2D303D80}.Debug|Any CPU.ActiveCfg = Debug|Any CPU
		{B4CFF352-F843-4A53-81D3-127B2D303D80}.Debug|Any CPU.Build.0 = Debug|Any CPU
		{B4CFF352-F843-4A53-81D3-127B2D303D80}.Release|Any CPU.ActiveCfg = Release|Any CPU
		{B4CFF352-F843-4A53-81D3-127B2D303D80}.Release|Any CPU.Build.0 = Release|Any CPU
	EndGlobalSection
	GlobalSection(SolutionProperties) = preSolution
		HideSolutionNode = FALSE
	EndGlobalSection
EndGlobal
